// !$*UTF8*$!
{
	archiveVersion = 1;
	classes = {
	};
	objectVersion = 50;
	objects = {

/* Begin PBXBuildFile section */
		6D01E21820ABBD6100DE3A77 /* AppDelegate.m in Sources */ = {isa = PBXBuildFile; fileRef = 6D01E21720ABBD6100DE3A77 /* AppDelegate.m */; };
		6D01E21B20ABBD6100DE3A77 /* ViewController.m in Sources */ = {isa = PBXBuildFile; fileRef = 6D01E21A20ABBD6100DE3A77 /* ViewController.m */; };
		6D01E21E20ABBD6100DE3A77 /* Main.storyboard in Resources */ = {isa = PBXBuildFile; fileRef = 6D01E21C20ABBD6100DE3A77 /* Main.storyboard */; };
		6D01E22020ABBD6400DE3A77 /* Assets.xcassets in Resources */ = {isa = PBXBuildFile; fileRef = 6D01E21F20ABBD6400DE3A77 /* Assets.xcassets */; };
		6D01E22320ABBD6400DE3A77 /* LaunchScreen.storyboard in Resources */ = {isa = PBXBuildFile; fileRef = 6D01E22120ABBD6400DE3A77 /* LaunchScreen.storyboard */; };
		6D01E22620ABBD6400DE3A77 /* main.m in Sources */ = {isa = PBXBuildFile; fileRef = 6D01E22520ABBD6400DE3A77 /* main.m */; };
		6DF5C22520B2BCAA00A8E6FB /* UINavigationController+SXFullScreen.m in Sources */ = {isa = PBXBuildFile; fileRef = 6DF5C20520B2BCA900A8E6FB /* UINavigationController+SXFullScreen.m */; };
		6DF5C22620B2BCAA00A8E6FB /* UINavigation+SXFixSpace.m in Sources */ = {isa = PBXBuildFile; fileRef = 6DF5C20620B2BCA900A8E6FB /* UINavigation+SXFixSpace.m */; };
		6DF5C22720B2BCAA00A8E6FB /* UIBarButtonItem+SXCreate.m in Sources */ = {isa = PBXBuildFile; fileRef = 6DF5C20720B2BCA900A8E6FB /* UIBarButtonItem+SXCreate.m */; };
		6DF5C22820B2BCAA00A8E6FB /* NSObject+SXRuntime.m in Sources */ = {isa = PBXBuildFile; fileRef = 6DF5C20820B2BCA900A8E6FB /* NSObject+SXRuntime.m */; };
		6DF5C22920B2BCAA00A8E6FB /* NSString+Size.m in Sources */ = {isa = PBXBuildFile; fileRef = 6DF5C20B20B2BCA900A8E6FB /* NSString+Size.m */; };
		6DF5C22A20B2BCAA00A8E6FB /* UIViewController+Stack.m in Sources */ = {isa = PBXBuildFile; fileRef = 6DF5C20D20B2BCA900A8E6FB /* UIViewController+Stack.m */; };
		6DF5C22B20B2BCAA00A8E6FB /* UIViewController+Alert.m in Sources */ = {isa = PBXBuildFile; fileRef = 6DF5C20E20B2BCA900A8E6FB /* UIViewController+Alert.m */; };
		6DF5C22C20B2BCAA00A8E6FB /* KeyValueObserver.m in Sources */ = {isa = PBXBuildFile; fileRef = 6DF5C21420B2BCA900A8E6FB /* KeyValueObserver.m */; };
		6DF5C22D20B2BCAA00A8E6FB /* Util_Size.m in Sources */ = {isa = PBXBuildFile; fileRef = 6DF5C22020B2BCAA00A8E6FB /* Util_Size.m */; };
		6DF5C22E20B2BCAA00A8E6FB /* Util_Path.m in Sources */ = {isa = PBXBuildFile; fileRef = 6DF5C22120B2BCAA00A8E6FB /* Util_Path.m */; };
		6DF5C22F20B2BCAA00A8E6FB /* Util_Color.m in Sources */ = {isa = PBXBuildFile; fileRef = 6DF5C22220B2BCAA00A8E6FB /* Util_Color.m */; };
/* End PBXBuildFile section */

/* Begin PBXFileReference section */
		6D01E21320ABBD6100DE3A77 /* YRBaseHubOCDemo.app */ = {isa = PBXFileReference; explicitFileType = wrapper.application; includeInIndex = 0; path = YRBaseHubOCDemo.app; sourceTree = BUILT_PRODUCTS_DIR; };
		6D01E21620ABBD6100DE3A77 /* AppDelegate.h */ = {isa = PBXFileReference; lastKnownFileType = sourcecode.c.h; path = AppDelegate.h; sourceTree = "<group>"; };
		6D01E21720ABBD6100DE3A77 /* AppDelegate.m */ = {isa = PBXFileReference; lastKnownFileType = sourcecode.c.objc; path = AppDelegate.m; sourceTree = "<group>"; };
		6D01E21920ABBD6100DE3A77 /* ViewController.h */ = {isa = PBXFileReference; lastKnownFileType = sourcecode.c.h; path = ViewController.h; sourceTree = "<group>"; };
		6D01E21A20ABBD6100DE3A77 /* ViewController.m */ = {isa = PBXFileReference; lastKnownFileType = sourcecode.c.objc; path = ViewController.m; sourceTree = "<group>"; };
		6D01E21D20ABBD6100DE3A77 /* Base */ = {isa = PBXFileReference; lastKnownFileType = file.storyboard; name = Base; path = Base.lproj/Main.storyboard; sourceTree = "<group>"; };
		6D01E21F20ABBD6400DE3A77 /* Assets.xcassets */ = {isa = PBXFileReference; lastKnownFileType = folder.assetcatalog; path = Assets.xcassets; sourceTree = "<group>"; };
		6D01E22220ABBD6400DE3A77 /* Base */ = {isa = PBXFileReference; lastKnownFileType = file.storyboard; name = Base; path = Base.lproj/LaunchScreen.storyboard; sourceTree = "<group>"; };
		6D01E22420ABBD6400DE3A77 /* Info.plist */ = {isa = PBXFileReference; lastKnownFileType = text.plist.xml; path = Info.plist; sourceTree = "<group>"; };
		6D01E22520ABBD6400DE3A77 /* main.m */ = {isa = PBXFileReference; lastKnownFileType = sourcecode.c.objc; path = main.m; sourceTree = "<group>"; };
		6D01E22D20ABBE2900DE3A77 /* YRBaseHubOC.h */ = {isa = PBXFileReference; lastKnownFileType = sourcecode.c.h; path = YRBaseHubOC.h; sourceTree = "<group>"; };
		6DF5C20120B2BCA900A8E6FB /* UINavigationController+SXFullScreen.h */ = {isa = PBXFileReference; fileEncoding = 4; lastKnownFileType = sourcecode.c.h; path = "UINavigationController+SXFullScreen.h"; sourceTree = "<group>"; };
		6DF5C20220B2BCA900A8E6FB /* NSObject+SXRuntime.h */ = {isa = PBXFileReference; fileEncoding = 4; lastKnownFileType = sourcecode.c.h; path = "NSObject+SXRuntime.h"; sourceTree = "<group>"; };
		6DF5C20320B2BCA900A8E6FB /* UINavigation+SXFixSpace.h */ = {isa = PBXFileReference; fileEncoding = 4; lastKnownFileType = sourcecode.c.h; path = "UINavigation+SXFixSpace.h"; sourceTree = "<group>"; };
		6DF5C20420B2BCA900A8E6FB /* UIBarButtonItem+SXCreate.h */ = {isa = PBXFileReference; fileEncoding = 4; lastKnownFileType = sourcecode.c.h; path = "UIBarButtonItem+SXCreate.h"; sourceTree = "<group>"; };
		6DF5C20520B2BCA900A8E6FB /* UINavigationController+SXFullScreen.m */ = {isa = PBXFileReference; fileEncoding = 4; lastKnownFileType = sourcecode.c.objc; path = "UINavigationController+SXFullScreen.m"; sourceTree = "<group>"; };
		6DF5C20620B2BCA900A8E6FB /* UINavigation+SXFixSpace.m */ = {isa = PBXFileReference; fileEncoding = 4; lastKnownFileType = sourcecode.c.objc; path = "UINavigation+SXFixSpace.m"; sourceTree = "<group>"; };
		6DF5C20720B2BCA900A8E6FB /* UIBarButtonItem+SXCreate.m */ = {isa = PBXFileReference; fileEncoding = 4; lastKnownFileType = sourcecode.c.objc; path = "UIBarButtonItem+SXCreate.m"; sourceTree = "<group>"; };
		6DF5C20820B2BCA900A8E6FB /* NSObject+SXRuntime.m */ = {isa = PBXFileReference; fileEncoding = 4; lastKnownFileType = sourcecode.c.objc; path = "NSObject+SXRuntime.m"; sourceTree = "<group>"; };
		6DF5C20A20B2BCA900A8E6FB /* NSString+Size.h */ = {isa = PBXFileReference; fileEncoding = 4; lastKnownFileType = sourcecode.c.h; path = "NSString+Size.h"; sourceTree = "<group>"; };
		6DF5C20B20B2BCA900A8E6FB /* NSString+Size.m */ = {isa = PBXFileReference; fileEncoding = 4; lastKnownFileType = sourcecode.c.objc; path = "NSString+Size.m"; sourceTree = "<group>"; };
		6DF5C20D20B2BCA900A8E6FB /* UIViewController+Stack.m */ = {isa = PBXFileReference; fileEncoding = 4; lastKnownFileType = sourcecode.c.objc; path = "UIViewController+Stack.m"; sourceTree = "<group>"; };
		6DF5C20E20B2BCA900A8E6FB /* UIViewController+Alert.m */ = {isa = PBXFileReference; fileEncoding = 4; lastKnownFileType = sourcecode.c.objc; path = "UIViewController+Alert.m"; sourceTree = "<group>"; };
		6DF5C20F20B2BCA900A8E6FB /* UIViewController+Stack.h */ = {isa = PBXFileReference; fileEncoding = 4; lastKnownFileType = sourcecode.c.h; path = "UIViewController+Stack.h"; sourceTree = "<group>"; };
		6DF5C21020B2BCA900A8E6FB /* UIViewController+Alert.h */ = {isa = PBXFileReference; fileEncoding = 4; lastKnownFileType = sourcecode.c.h; path = "UIViewController+Alert.h"; sourceTree = "<group>"; };
		6DF5C21120B2BCA900A8E6FB /* Category.h */ = {isa = PBXFileReference; fileEncoding = 4; lastKnownFileType = sourcecode.c.h; path = Category.h; sourceTree = "<group>"; };
		6DF5C21320B2BCA900A8E6FB /* KeyValueObserver.h */ = {isa = PBXFileReference; fileEncoding = 4; lastKnownFileType = sourcecode.c.h; path = KeyValueObserver.h; sourceTree = "<group>"; };
		6DF5C21420B2BCA900A8E6FB /* KeyValueObserver.m */ = {isa = PBXFileReference; fileEncoding = 4; lastKnownFileType = sourcecode.c.objc; path = KeyValueObserver.m; sourceTree = "<group>"; };
		6DF5C21620B2BCA900A8E6FB /* Enum.h */ = {isa = PBXFileReference; fileEncoding = 4; lastKnownFileType = sourcecode.c.h; path = Enum.h; sourceTree = "<group>"; };
		6DF5C21820B2BCA900A8E6FB /* Macro.h */ = {isa = PBXFileReference; fileEncoding = 4; lastKnownFileType = sourcecode.c.h; path = Macro.h; sourceTree = "<group>"; };
		6DF5C21920B2BCA900A8E6FB /* Macro_Singleton.h */ = {isa = PBXFileReference; fileEncoding = 4; lastKnownFileType = sourcecode.c.h; path = Macro_Singleton.h; sourceTree = "<group>"; };
		6DF5C21A20B2BCA900A8E6FB /* Macro_Block.h */ = {isa = PBXFileReference; fileEncoding = 4; lastKnownFileType = sourcecode.c.h; path = Macro_Block.h; sourceTree = "<group>"; };
		6DF5C21C20B2BCAA00A8E6FB /* Util_Size.h */ = {isa = PBXFileReference; fileEncoding = 4; lastKnownFileType = sourcecode.c.h; path = Util_Size.h; sourceTree = "<group>"; };
		6DF5C21D20B2BCAA00A8E6FB /* Util_Color.h */ = {isa = PBXFileReference; fileEncoding = 4; lastKnownFileType = sourcecode.c.h; path = Util_Color.h; sourceTree = "<group>"; };
		6DF5C21E20B2BCAA00A8E6FB /* Util_Path.h */ = {isa = PBXFileReference; fileEncoding = 4; lastKnownFileType = sourcecode.c.h; path = Util_Path.h; sourceTree = "<group>"; };
		6DF5C21F20B2BCAA00A8E6FB /* Util.h */ = {isa = PBXFileReference; fileEncoding = 4; lastKnownFileType = sourcecode.c.h; path = Util.h; sourceTree = "<group>"; };
		6DF5C22020B2BCAA00A8E6FB /* Util_Size.m */ = {isa = PBXFileReference; fileEncoding = 4; lastKnownFileType = sourcecode.c.objc; path = Util_Size.m; sourceTree = "<group>"; };
		6DF5C22120B2BCAA00A8E6FB /* Util_Path.m */ = {isa = PBXFileReference; fileEncoding = 4; lastKnownFileType = sourcecode.c.objc; path = Util_Path.m; sourceTree = "<group>"; };
		6DF5C22220B2BCAA00A8E6FB /* Util_Color.m */ = {isa = PBXFileReference; fileEncoding = 4; lastKnownFileType = sourcecode.c.objc; path = Util_Color.m; sourceTree = "<group>"; };
		6DF5C22420B2BCAA00A8E6FB /* Const.h */ = {isa = PBXFileReference; fileEncoding = 4; lastKnownFileType = sourcecode.c.h; path = Const.h; sourceTree = "<group>"; };
/* End PBXFileReference section */

/* Begin PBXFrameworksBuildPhase section */
		6D01E21020ABBD6100DE3A77 /* Frameworks */ = {
			isa = PBXFrameworksBuildPhase;
			buildActionMask = 2147483647;
			files = (
			);
			runOnlyForDeploymentPostprocessing = 0;
		};
/* End PBXFrameworksBuildPhase section */

/* Begin PBXGroup section */
		6D01E20A20ABBD6100DE3A77 = {
			isa = PBXGroup;
			children = (
				6D01E22C20ABBE0900DE3A77 /* YRBaseHubOC */,
				6D01E21520ABBD6100DE3A77 /* YRBaseHubOCDemo */,
				6D01E21420ABBD6100DE3A77 /* Products */,
			);
			sourceTree = "<group>";
		};
		6D01E21420ABBD6100DE3A77 /* Products */ = {
			isa = PBXGroup;
			children = (
				6D01E21320ABBD6100DE3A77 /* YRBaseHubOCDemo.app */,
			);
			name = Products;
			sourceTree = "<group>";
		};
		6D01E21520ABBD6100DE3A77 /* YRBaseHubOCDemo */ = {
			isa = PBXGroup;
			children = (
				6D01E21620ABBD6100DE3A77 /* AppDelegate.h */,
				6D01E21720ABBD6100DE3A77 /* AppDelegate.m */,
				6D01E21920ABBD6100DE3A77 /* ViewController.h */,
				6D01E21A20ABBD6100DE3A77 /* ViewController.m */,
				6D01E21C20ABBD6100DE3A77 /* Main.storyboard */,
				6D01E21F20ABBD6400DE3A77 /* Assets.xcassets */,
				6D01E22120ABBD6400DE3A77 /* LaunchScreen.storyboard */,
				6D01E22420ABBD6400DE3A77 /* Info.plist */,
				6D01E22520ABBD6400DE3A77 /* main.m */,
			);
			path = YRBaseHubOCDemo;
			sourceTree = "<group>";
		};
		6D01E22C20ABBE0900DE3A77 /* YRBaseHubOC */ = {
			isa = PBXGroup;
			children = (
				6DF5C1FF20B2BCA900A8E6FB /* Category */,
				6DF5C22320B2BCAA00A8E6FB /* Const */,
				6DF5C21520B2BCA900A8E6FB /* Enum */,
				6DF5C21220B2BCA900A8E6FB /* KVO */,
				6DF5C21720B2BCA900A8E6FB /* Macro */,
				6DF5C21B20B2BCAA00A8E6FB /* Util */,
				6D01E22D20ABBE2900DE3A77 /* YRBaseHubOC.h */,
			);
			path = YRBaseHubOC;
			sourceTree = "<group>";
		};
		6DF5C1FF20B2BCA900A8E6FB /* Category */ = {
			isa = PBXGroup;
			children = (
				6DF5C20020B2BCA900A8E6FB /* UINavigation */,
				6DF5C20920B2BCA900A8E6FB /* NSString */,
				6DF5C20C20B2BCA900A8E6FB /* UIViewController */,
				6DF5C21120B2BCA900A8E6FB /* Category.h */,
			);
			path = Category;
			sourceTree = "<group>";
		};
		6DF5C20020B2BCA900A8E6FB /* UINavigation */ = {
			isa = PBXGroup;
			children = (
				6DF5C20120B2BCA900A8E6FB /* UINavigationController+SXFullScreen.h */,
				6DF5C20220B2BCA900A8E6FB /* NSObject+SXRuntime.h */,
				6DF5C20320B2BCA900A8E6FB /* UINavigation+SXFixSpace.h */,
				6DF5C20420B2BCA900A8E6FB /* UIBarButtonItem+SXCreate.h */,
				6DF5C20520B2BCA900A8E6FB /* UINavigationController+SXFullScreen.m */,
				6DF5C20620B2BCA900A8E6FB /* UINavigation+SXFixSpace.m */,
				6DF5C20720B2BCA900A8E6FB /* UIBarButtonItem+SXCreate.m */,
				6DF5C20820B2BCA900A8E6FB /* NSObject+SXRuntime.m */,
			);
			path = UINavigation;
			sourceTree = "<group>";
		};
		6DF5C20920B2BCA900A8E6FB /* NSString */ = {
			isa = PBXGroup;
			children = (
				6DF5C20A20B2BCA900A8E6FB /* NSString+Size.h */,
				6DF5C20B20B2BCA900A8E6FB /* NSString+Size.m */,
			);
			path = NSString;
			sourceTree = "<group>";
		};
		6DF5C20C20B2BCA900A8E6FB /* UIViewController */ = {
			isa = PBXGroup;
			children = (
				6DF5C20D20B2BCA900A8E6FB /* UIViewController+Stack.m */,
				6DF5C20E20B2BCA900A8E6FB /* UIViewController+Alert.m */,
				6DF5C20F20B2BCA900A8E6FB /* UIViewController+Stack.h */,
				6DF5C21020B2BCA900A8E6FB /* UIViewController+Alert.h */,
			);
			path = UIViewController;
			sourceTree = "<group>";
		};
		6DF5C21220B2BCA900A8E6FB /* KVO */ = {
			isa = PBXGroup;
			children = (
				6DF5C21320B2BCA900A8E6FB /* KeyValueObserver.h */,
				6DF5C21420B2BCA900A8E6FB /* KeyValueObserver.m */,
			);
			path = KVO;
			sourceTree = "<group>";
		};
		6DF5C21520B2BCA900A8E6FB /* Enum */ = {
			isa = PBXGroup;
			children = (
				6DF5C21620B2BCA900A8E6FB /* Enum.h */,
			);
			path = Enum;
			sourceTree = "<group>";
		};
		6DF5C21720B2BCA900A8E6FB /* Macro */ = {
			isa = PBXGroup;
			children = (
				6DF5C21820B2BCA900A8E6FB /* Macro.h */,
				6DF5C21920B2BCA900A8E6FB /* Macro_Singleton.h */,
				6DF5C21A20B2BCA900A8E6FB /* Macro_Block.h */,
			);
			path = Macro;
			sourceTree = "<group>";
		};
		6DF5C21B20B2BCAA00A8E6FB /* Util */ = {
			isa = PBXGroup;
			children = (
				6DF5C21C20B2BCAA00A8E6FB /* Util_Size.h */,
				6DF5C21D20B2BCAA00A8E6FB /* Util_Color.h */,
				6DF5C21E20B2BCAA00A8E6FB /* Util_Path.h */,
				6DF5C21F20B2BCAA00A8E6FB /* Util.h */,
				6DF5C22020B2BCAA00A8E6FB /* Util_Size.m */,
				6DF5C22120B2BCAA00A8E6FB /* Util_Path.m */,
				6DF5C22220B2BCAA00A8E6FB /* Util_Color.m */,
			);
			path = Util;
			sourceTree = "<group>";
		};
		6DF5C22320B2BCAA00A8E6FB /* Const */ = {
			isa = PBXGroup;
			children = (
				6DF5C22420B2BCAA00A8E6FB /* Const.h */,
			);
			path = Const;
			sourceTree = "<group>";
		};
/* End PBXGroup section */

/* Begin PBXNativeTarget section */
		6D01E21220ABBD6100DE3A77 /* YRBaseHubOCDemo */ = {
			isa = PBXNativeTarget;
			buildConfigurationList = 6D01E22920ABBD6400DE3A77 /* Build configuration list for PBXNativeTarget "YRBaseHubOCDemo" */;
			buildPhases = (
				6D01E20F20ABBD6100DE3A77 /* Sources */,
				6D01E21020ABBD6100DE3A77 /* Frameworks */,
				6D01E21120ABBD6100DE3A77 /* Resources */,
			);
			buildRules = (
			);
			dependencies = (
			);
			name = YRBaseHubOCDemo;
			productName = YRBaseHubOCDemo;
			productReference = 6D01E21320ABBD6100DE3A77 /* YRBaseHubOCDemo.app */;
			productType = "com.apple.product-type.application";
		};
/* End PBXNativeTarget section */

/* Begin PBXProject section */
		6D01E20B20ABBD6100DE3A77 /* Project object */ = {
			isa = PBXProject;
			attributes = {
				LastUpgradeCheck = 0930;
				ORGANIZATIONNAME = Yarin;
				TargetAttributes = {
					6D01E21220ABBD6100DE3A77 = {
						CreatedOnToolsVersion = 9.3;
					};
				};
			};
			buildConfigurationList = 6D01E20E20ABBD6100DE3A77 /* Build configuration list for PBXProject "YRBaseHubOCDemo" */;
			compatibilityVersion = "Xcode 9.3";
			developmentRegion = en;
			hasScannedForEncodings = 0;
			knownRegions = (
				en,
				Base,
			);
			mainGroup = 6D01E20A20ABBD6100DE3A77;
			productRefGroup = 6D01E21420ABBD6100DE3A77 /* Products */;
			projectDirPath = "";
			projectRoot = "";
			targets = (
				6D01E21220ABBD6100DE3A77 /* YRBaseHubOCDemo */,
			);
		};
/* End PBXProject section */

/* Begin PBXResourcesBuildPhase section */
		6D01E21120ABBD6100DE3A77 /* Resources */ = {
			isa = PBXResourcesBuildPhase;
			buildActionMask = 2147483647;
			files = (
				6D01E22320ABBD6400DE3A77 /* LaunchScreen.storyboard in Resources */,
				6D01E22020ABBD6400DE3A77 /* Assets.xcassets in Resources */,
				6D01E21E20ABBD6100DE3A77 /* Main.storyboard in Resources */,
			);
			runOnlyForDeploymentPostprocessing = 0;
		};
/* End PBXResourcesBuildPhase section */

/* Begin PBXSourcesBuildPhase section */
		6D01E20F20ABBD6100DE3A77 /* Sources */ = {
			isa = PBXSourcesBuildPhase;
			buildActionMask = 2147483647;
			files = (
				6DF5C22920B2BCAA00A8E6FB /* NSString+Size.m in Sources */,
				6D01E21B20ABBD6100DE3A77 /* ViewController.m in Sources */,
				6DF5C22E20B2BCAA00A8E6FB /* Util_Path.m in Sources */,
				6DF5C22720B2BCAA00A8E6FB /* UIBarButtonItem+SXCreate.m in Sources */,
				6DF5C22B20B2BCAA00A8E6FB /* UIViewController+Alert.m in Sources */,
				6DF5C22C20B2BCAA00A8E6FB /* KeyValueObserver.m in Sources */,
				6DF5C22620B2BCAA00A8E6FB /* UINavigation+SXFixSpace.m in Sources */,
				6DF5C22D20B2BCAA00A8E6FB /* Util_Size.m in Sources */,
				6DF5C22820B2BCAA00A8E6FB /* NSObject+SXRuntime.m in Sources */,
				6DF5C22F20B2BCAA00A8E6FB /* Util_Color.m in Sources */,
				6D01E22620ABBD6400DE3A77 /* main.m in Sources */,
				6D01E21820ABBD6100DE3A77 /* AppDelegate.m in Sources */,
				6DF5C22520B2BCAA00A8E6FB /* UINavigationController+SXFullScreen.m in Sources */,
				6DF5C22A20B2BCAA00A8E6FB /* UIViewController+Stack.m in Sources */,
			);
			runOnlyForDeploymentPostprocessing = 0;
		};
/* End PBXSourcesBuildPhase section */

/* Begin PBXVariantGroup section */
		6D01E21C20ABBD6100DE3A77 /* Main.storyboard */ = {
			isa = PBXVariantGroup;
			children = (
				6D01E21D20ABBD6100DE3A77 /* Base */,
			);
			name = Main.storyboard;
			sourceTree = "<group>";
		};
		6D01E22120ABBD6400DE3A77 /* LaunchScreen.storyboard */ = {
			isa = PBXVariantGroup;
			children = (
				6D01E22220ABBD6400DE3A77 /* Base */,
			);
			name = LaunchScreen.storyboard;
			sourceTree = "<group>";
		};
/* End PBXVariantGroup section */

/* Begin XCBuildConfiguration section */
		6D01E22720ABBD6400DE3A77 /* Debug */ = {
			isa = XCBuildConfiguration;
			buildSettings = {
				ALWAYS_SEARCH_USER_PATHS = NO;
				CLANG_ANALYZER_NONNULL = YES;
				CLANG_ANALYZER_NUMBER_OBJECT_CONVERSION = YES_AGGRESSIVE;
				CLANG_CXX_LANGUAGE_STANDARD = "gnu++14";
				CLANG_CXX_LIBRARY = "libc++";
				CLANG_ENABLE_MODULES = YES;
				CLANG_ENABLE_OBJC_ARC = YES;
				CLANG_ENABLE_OBJC_WEAK = YES;
				CLANG_WARN_BLOCK_CAPTURE_AUTORELEASING = YES;
				CLANG_WARN_BOOL_CONVERSION = YES;
				CLANG_WARN_COMMA = YES;
				CLANG_WARN_CONSTANT_CONVERSION = YES;
				CLANG_WARN_DEPRECATED_OBJC_IMPLEMENTATIONS = YES;
				CLANG_WARN_DIRECT_OBJC_ISA_USAGE = YES_ERROR;
				CLANG_WARN_DOCUMENTATION_COMMENTS = YES;
				CLANG_WARN_EMPTY_BODY = YES;
				CLANG_WARN_ENUM_CONVERSION = YES;
				CLANG_WARN_INFINITE_RECURSION = YES;
				CLANG_WARN_INT_CONVERSION = YES;
				CLANG_WARN_NON_LITERAL_NULL_CONVERSION = YES;
				CLANG_WARN_OBJC_IMPLICIT_RETAIN_SELF = YES;
				CLANG_WARN_OBJC_LITERAL_CONVERSION = YES;
				CLANG_WARN_OBJC_ROOT_CLASS = YES_ERROR;
				CLANG_WARN_RANGE_LOOP_ANALYSIS = YES;
				CLANG_WARN_STRICT_PROTOTYPES = YES;
				CLANG_WARN_SUSPICIOUS_MOVE = YES;
				CLANG_WARN_UNGUARDED_AVAILABILITY = YES_AGGRESSIVE;
				CLANG_WARN_UNREACHABLE_CODE = YES;
				CLANG_WARN__DUPLICATE_METHOD_MATCH = YES;
				CODE_SIGN_IDENTITY = "iPhone Developer";
				COPY_PHASE_STRIP = NO;
				DEBUG_INFORMATION_FORMAT = dwarf;
				ENABLE_STRICT_OBJC_MSGSEND = YES;
				ENABLE_TESTABILITY = YES;
				GCC_C_LANGUAGE_STANDARD = gnu11;
				GCC_DYNAMIC_NO_PIC = NO;
				GCC_NO_COMMON_BLOCKS = YES;
				GCC_OPTIMIZATION_LEVEL = 0;
				GCC_PREPROCESSOR_DEFINITIONS = (
					"DEBUG=1",
					"$(inherited)",
				);
				GCC_WARN_64_TO_32_BIT_CONVERSION = YES;
				GCC_WARN_ABOUT_RETURN_TYPE = YES_ERROR;
				GCC_WARN_UNDECLARED_SELECTOR = YES;
				GCC_WARN_UNINITIALIZED_AUTOS = YES_AGGRESSIVE;
				GCC_WARN_UNUSED_FUNCTION = YES;
				GCC_WARN_UNUSED_VARIABLE = YES;
				IPHONEOS_DEPLOYMENT_TARGET = 11.3;
				MTL_ENABLE_DEBUG_INFO = YES;
				ONLY_ACTIVE_ARCH = YES;
				SDKROOT = iphoneos;
			};
			name = Debug;
		};
		6D01E22820ABBD6400DE3A77 /* Release */ = {
			isa = XCBuildConfiguration;
			buildSettings = {
				ALWAYS_SEARCH_USER_PATHS = NO;
				CLANG_ANALYZER_NONNULL = YES;
				CLANG_ANALYZER_NUMBER_OBJECT_CONVERSION = YES_AGGRESSIVE;
				CLANG_CXX_LANGUAGE_STANDARD = "gnu++14";
				CLANG_CXX_LIBRARY = "libc++";
				CLANG_ENABLE_MODULES = YES;
				CLANG_ENABLE_OBJC_ARC = YES;
				CLANG_ENABLE_OBJC_WEAK = YES;
				CLANG_WARN_BLOCK_CAPTURE_AUTORELEASING = YES;
				CLANG_WARN_BOOL_CONVERSION = YES;
				CLANG_WARN_COMMA = YES;
				CLANG_WARN_CONSTANT_CONVERSION = YES;
				CLANG_WARN_DEPRECATED_OBJC_IMPLEMENTATIONS = YES;
				CLANG_WARN_DIRECT_OBJC_ISA_USAGE = YES_ERROR;
				CLANG_WARN_DOCUMENTATION_COMMENTS = YES;
				CLANG_WARN_EMPTY_BODY = YES;
				CLANG_WARN_ENUM_CONVERSION = YES;
				CLANG_WARN_INFINITE_RECURSION = YES;
				CLANG_WARN_INT_CONVERSION = YES;
				CLANG_WARN_NON_LITERAL_NULL_CONVERSION = YES;
				CLANG_WARN_OBJC_IMPLICIT_RETAIN_SELF = YES;
				CLANG_WARN_OBJC_LITERAL_CONVERSION = YES;
				CLANG_WARN_OBJC_ROOT_CLASS = YES_ERROR;
				CLANG_WARN_RANGE_LOOP_ANALYSIS = YES;
				CLANG_WARN_STRICT_PROTOTYPES = YES;
				CLANG_WARN_SUSPICIOUS_MOVE = YES;
				CLANG_WARN_UNGUARDED_AVAILABILITY = YES_AGGRESSIVE;
				CLANG_WARN_UNREACHABLE_CODE = YES;
				CLANG_WARN__DUPLICATE_METHOD_MATCH = YES;
				CODE_SIGN_IDENTITY = "iPhone Developer";
				COPY_PHASE_STRIP = NO;
				DEBUG_INFORMATION_FORMAT = "dwarf-with-dsym";
				ENABLE_NS_ASSERTIONS = NO;
				ENABLE_STRICT_OBJC_MSGSEND = YES;
				GCC_C_LANGUAGE_STANDARD = gnu11;
				GCC_NO_COMMON_BLOCKS = YES;
				GCC_WARN_64_TO_32_BIT_CONVERSION = YES;
				GCC_WARN_ABOUT_RETURN_TYPE = YES_ERROR;
				GCC_WARN_UNDECLARED_SELECTOR = YES;
				GCC_WARN_UNINITIALIZED_AUTOS = YES_AGGRESSIVE;
				GCC_WARN_UNUSED_FUNCTION = YES;
				GCC_WARN_UNUSED_VARIABLE = YES;
				IPHONEOS_DEPLOYMENT_TARGET = 11.3;
				MTL_ENABLE_DEBUG_INFO = NO;
				SDKROOT = iphoneos;
				VALIDATE_PRODUCT = YES;
			};
			name = Release;
		};
		6D01E22A20ABBD6400DE3A77 /* Debug */ = {
			isa = XCBuildConfiguration;
			buildSettings = {
				ASSETCATALOG_COMPILER_APPICON_NAME = AppIcon;
				CODE_SIGN_STYLE = Automatic;
				INFOPLIST_FILE = YRBaseHubOCDemo/Info.plist;
				LD_RUNPATH_SEARCH_PATHS = (
					"$(inherited)",
					"@executable_path/Frameworks",
				);
				PRODUCT_BUNDLE_IDENTIFIER = Yarin.YRBaseHubOCDemo;
				PRODUCT_NAME = "$(TARGET_NAME)";
				TARGETED_DEVICE_FAMILY = "1,2";
			};
			name = Debug;
		};
		6D01E22B20ABBD6400DE3A77 /* Release */ = {
			isa = XCBuildConfiguration;
			buildSettings = {
				ASSETCATALOG_COMPILER_APPICON_NAME = AppIcon;
				CODE_SIGN_STYLE = Automatic;
				INFOPLIST_FILE = YRBaseHubOCDemo/Info.plist;
				LD_RUNPATH_SEARCH_PATHS = (
					"$(inherited)",
					"@executable_path/Frameworks",
				);
				PRODUCT_BUNDLE_IDENTIFIER = Yarin.YRBaseHubOCDemo;
				PRODUCT_NAME = "$(TARGET_NAME)";
				TARGETED_DEVICE_FAMILY = "1,2";
			};
			name = Release;
		};
/* End XCBuildConfiguration section */

/* Begin XCConfigurationList section */
		6D01E20E20ABBD6100DE3A77 /* Build configuration list for PBXProject "YRBaseHubOCDemo" */ = {
			isa = XCConfigurationList;
			buildConfigurations = (
				6D01E22720ABBD6400DE3A77 /* Debug */,
				6D01E22820ABBD6400DE3A77 /* Release */,
			);
			defaultConfigurationIsVisible = 0;
			defaultConfigurationName = Release;
		};
		6D01E22920ABBD6400DE3A77 /* Build configuration list for PBXNativeTarget "YRBaseHubOCDemo" */ = {
			isa = XCConfigurationList;
			buildConfigurations = (
				6D01E22A20ABBD6400DE3A77 /* Debug */,
				6D01E22B20ABBD6400DE3A77 /* Release */,
			);
			defaultConfigurationIsVisible = 0;
			defaultConfigurationName = Release;
		};
/* End XCConfigurationList section */
	};
	rootObject = 6D01E20B20ABBD6100DE3A77 /* Project object */;
}
